
Microsoft Visual Studio Solution File, Format Version 11.00
# Visual Studio 2010
Project("{FAE04EC0-301F-11D3-BF4B-00C04F79EFBC}") = "Assembly-CSharp", "Assembly-CSharp.csproj", "{133e6e32-ad18-0b18-1283-61892240a317}"
EndProject
Project("{FAE04EC0-301F-11D3-BF4B-00C04F79EFBC}") = "Assembly-CSharp-Editor", "Assembly-CSharp-Editor.csproj", "{f92e880e-d8c2-49d7-2b29-3e5fc6b896ce}"
EndProject
Global
	GlobalSection(SolutionConfigurationPlatforms) = preSolution
		Debug|Any CPU = Debug|Any CPU
		Release|Any CPU = Release|Any CPU
	EndGlobalSection
	GlobalSection(ProjectConfigurationPlatforms) = postSolution
		{133e6e32-ad18-0b18-1283-61892240a317}.Debug|Any CPU.ActiveCfg = Debug|Any CPU
		{133e6e32-ad18-0b18-1283-61892240a317}.Debug|Any CPU.Build.0 = Debug|Any CPU
		{133e6e32-ad18-0b18-1283-61892240a317}.Release|Any CPU.ActiveCfg = Release|Any CPU
		{133e6e32-ad18-0b18-1283-61892240a317}.Release|Any CPU.Build.0 = Release|Any CPU
		{f92e880e-d8c2-49d7-2b29-3e5fc6b896ce}.Debug|Any CPU.ActiveCfg = Debug|Any CPU
		{f92e880e-d8c2-49d7-2b29-3e5fc6b896ce}.Debug|Any CPU.Build.0 = Debug|Any CPU
		{f92e880e-d8c2-49d7-2b29-3e5fc6b896ce}.Release|Any CPU.ActiveCfg = Release|Any CPU
		{f92e880e-d8c2-49d7-2b29-3e5fc6b896ce}.Release|Any CPU.Build.0 = Release|Any CPU
	EndGlobalSection
	GlobalSection(SolutionProperties) = preSolution
		HideSolutionNode = FALSE
	EndGlobalSection
EndGlobal
